
Microsoft Visual Studio Solution File, Format Version 12.00
# Visual Studio Version 17
VisualStudioVersion = 17.5.002.0
MinimumVisualStudioVersion = 10.0.40219.1
Project("{9A19103F-16F7-4668-BE54-9A1E7A4F7556}") = "Week6", "Week6.csproj", "{2311F6C2-7C16-4595-BA65-CDF924F54CDC}"
EndProject
Global
	GlobalSection(SolutionConfigurationPlatforms) = preSolution
		Debug|Any CPU = Debug|Any CPU
		Release|Any CPU = Release|Any CPU
	EndGlobalSection
	GlobalSection(ProjectConfigurationPlatforms) = postSolution
		{2311F6C2-7C16-4595-BA65-CDF924F54CDC}.Debug|Any CPU.ActiveCfg = Debug|Any CPU
		{2311F6C2-7C16-4595-BA65-CDF924F54CDC}.Debug|Any CPU.Build.0 = Debug|Any CPU
		{2311F6C2-7C16-4595-BA65-CDF924F54CDC}.Release|Any CPU.ActiveCfg = Release|Any CPU
		{2311F6C2-7C16-4595-BA65-CDF924F54CDC}.Release|Any CPU.Build.0 = Release|Any CPU
	EndGlobalSection
	GlobalSection(SolutionProperties) = preSolution
		HideSolutionNode = FALSE
	EndGlobalSection
	GlobalSection(ExtensibilityGlobals) = postSolution
		SolutionGuid = {FCDEAA91-76F9-4540-8BB4-C0AC5CDF18B8}
	EndGlobalSection
EndGlobal
