
Microsoft Visual Studio Solution File, Format Version 12.00
# Visual Studio Version 17
VisualStudioVersion = 17.5.002.0
MinimumVisualStudioVersion = 10.0.40219.1
Project("{9A19103F-16F7-4668-BE54-9A1E7A4F7556}") = "cis106week3", "cis106week3\cis106week3.csproj", "{9163F7A1-1802-4AF3-A611-932E0AF4B395}"
EndProject
Global
	GlobalSection(SolutionConfigurationPlatforms) = preSolution
		Debug|Any CPU = Debug|Any CPU
		Release|Any CPU = Release|Any CPU
	EndGlobalSection
	GlobalSection(ProjectConfigurationPlatforms) = postSolution
		{9163F7A1-1802-4AF3-A611-932E0AF4B395}.Debug|Any CPU.ActiveCfg = Debug|Any CPU
		{9163F7A1-1802-4AF3-A611-932E0AF4B395}.Debug|Any CPU.Build.0 = Debug|Any CPU
		{9163F7A1-1802-4AF3-A611-932E0AF4B395}.Release|Any CPU.ActiveCfg = Release|Any CPU
		{9163F7A1-1802-4AF3-A611-932E0AF4B395}.Release|Any CPU.Build.0 = Release|Any CPU
	EndGlobalSection
	GlobalSection(SolutionProperties) = preSolution
		HideSolutionNode = FALSE
	EndGlobalSection
	GlobalSection(ExtensibilityGlobals) = postSolution
		SolutionGuid = {1B6CF2B3-71EA-464F-8343-C7FA54607D06}
	EndGlobalSection
EndGlobal
