
Microsoft Visual Studio Solution File, Format Version 12.00
# Visual Studio Version 17
VisualStudioVersion = 17.5.002.0
MinimumVisualStudioVersion = 10.0.40219.1
Project("{9A19103F-16F7-4668-BE54-9A1E7A4F7556}") = "Week5", "Week5.csproj", "{D899A9BF-9C7F-4C33-8970-F0D5F3B4B665}"
EndProject
Global
	GlobalSection(SolutionConfigurationPlatforms) = preSolution
		Debug|Any CPU = Debug|Any CPU
		Release|Any CPU = Release|Any CPU
	EndGlobalSection
	GlobalSection(ProjectConfigurationPlatforms) = postSolution
		{D899A9BF-9C7F-4C33-8970-F0D5F3B4B665}.Debug|Any CPU.ActiveCfg = Debug|Any CPU
		{D899A9BF-9C7F-4C33-8970-F0D5F3B4B665}.Debug|Any CPU.Build.0 = Debug|Any CPU
		{D899A9BF-9C7F-4C33-8970-F0D5F3B4B665}.Release|Any CPU.ActiveCfg = Release|Any CPU
		{D899A9BF-9C7F-4C33-8970-F0D5F3B4B665}.Release|Any CPU.Build.0 = Release|Any CPU
	EndGlobalSection
	GlobalSection(SolutionProperties) = preSolution
		HideSolutionNode = FALSE
	EndGlobalSection
	GlobalSection(ExtensibilityGlobals) = postSolution
		SolutionGuid = {67C2B7CD-34FD-45D5-9422-CC3A3040CC41}
	EndGlobalSection
EndGlobal
