
Microsoft Visual Studio Solution File, Format Version 12.00
# Visual Studio Version 17
VisualStudioVersion = 17.5.002.0
MinimumVisualStudioVersion = 10.0.40219.1
Project("{9A19103F-16F7-4668-BE54-9A1E7A4F7556}") = "CIS106WEEK1", "CIS106WEEK1.csproj", "{81C2D531-0CEE-4F1D-8F34-C91352083260}"
EndProject
Global
	GlobalSection(SolutionConfigurationPlatforms) = preSolution
		Debug|Any CPU = Debug|Any CPU
		Release|Any CPU = Release|Any CPU
	EndGlobalSection
	GlobalSection(ProjectConfigurationPlatforms) = postSolution
		{81C2D531-0CEE-4F1D-8F34-C91352083260}.Debug|Any CPU.ActiveCfg = Debug|Any CPU
		{81C2D531-0CEE-4F1D-8F34-C91352083260}.Debug|Any CPU.Build.0 = Debug|Any CPU
		{81C2D531-0CEE-4F1D-8F34-C91352083260}.Release|Any CPU.ActiveCfg = Release|Any CPU
		{81C2D531-0CEE-4F1D-8F34-C91352083260}.Release|Any CPU.Build.0 = Release|Any CPU
	EndGlobalSection
	GlobalSection(SolutionProperties) = preSolution
		HideSolutionNode = FALSE
	EndGlobalSection
	GlobalSection(ExtensibilityGlobals) = postSolution
		SolutionGuid = {8CADEAD1-133D-4EE3-A102-9D3D6B6ACE34}
	EndGlobalSection
EndGlobal
